
Microsoft Visual Studio Solution File, Format Version 12.00
# Visual Studio Version 17
VisualStudioVersion = 17.11.35312.102
MinimumVisualStudioVersion = 10.0.40219.1
Project("{FAE04EC0-301F-11D3-BF4B-00C04F79EFBC}") = "demo-ai", "demo-ai\demo-ai.csproj", "{671E812E-0AF4-43E7-994F-C1233176E08B}"
EndProject
Global
	GlobalSection(SolutionConfigurationPlatforms) = preSolution
		Debug|Any CPU = Debug|Any CPU
		Release|Any CPU = Release|Any CPU
	EndGlobalSection
	GlobalSection(ProjectConfigurationPlatforms) = postSolution
		{671E812E-0AF4-43E7-994F-C1233176E08B}.Debug|Any CPU.ActiveCfg = Debug|Any CPU
		{671E812E-0AF4-43E7-994F-C1233176E08B}.Debug|Any CPU.Build.0 = Debug|Any CPU
		{671E812E-0AF4-43E7-994F-C1233176E08B}.Release|Any CPU.ActiveCfg = Release|Any CPU
		{671E812E-0AF4-43E7-994F-C1233176E08B}.Release|Any CPU.Build.0 = Release|Any CPU
	EndGlobalSection
	GlobalSection(SolutionProperties) = preSolution
		HideSolutionNode = FALSE
	EndGlobalSection
	GlobalSection(ExtensibilityGlobals) = postSolution
		SolutionGuid = {16D56D72-C718-4294-9ACE-C7AF95E7B840}
	EndGlobalSection
EndGlobal
